{
  "name": "report",
  "lockfileVersion": 3,
  "requires": true,
  "packages": {
    "": {
      "dependencies": {
        "markdown-it-highlightjs": "^4.2.0"
      }
    },
    "node_modules/highlight.js": {
      "version": "11.10.0",
      "resolved": "https://registry.npmjs.org/highlight.js/-/highlight.js-11.10.0.tgz",
      "integrity": "sha512-SYVnVFswQER+zu1laSya563s+F8VDGt7o35d4utbamowvUNLLMovFqwCLSocpZTz3MgaSRA1IbqRWZv97dtErQ==",
      "license": "BSD-3-Clause",
      "engines": {
        "node": ">=12.0.0"
      }
    },
    "node_modules/markdown-it-highlightjs": {
      "version": "4.2.0",
      "resolved": "https://registry.npmjs.org/markdown-it-highlightjs/-/markdown-it-highlightjs-4.2.0.tgz",
      "integrity": "sha512-NC7pXE8KkOl6xWJVRNt8p6wgJVznXKsE0HgYGdk6DD2tn1l4L9f0ALf3VIoGVkotNU1uGQatSxfBF1zZPUMmuQ==",
      "license": "Unlicense",
      "dependencies": {
        "highlight.js": "^11.9.0"
      }
    }
  }
}
